
Microsoft Visual Studio Solution File, Format Version 12.00
# Visual Studio 15
VisualStudioVersion = 15.0.26403.3
MinimumVisualStudioVersion = 10.0.40219.1
Project("{2150E333-8FDC-42A3-9474-1A3956D46DE8}") = "0-Common", "0-Common", "{2C4F6EA5-DFBF-478F-8BFD-E03DC5DB7035}"
EndProject
Project("{2150E333-8FDC-42A3-9474-1A3956D46DE8}") = "1-Business", "1-Business", "{1CFA34A8-058B-403A-B39B-3EAFA84C25BF}"
EndProject
Project("{2150E333-8FDC-42A3-9474-1A3956D46DE8}") = "2-Client", "2-Client", "{A15A9C9A-69D4-421E-8C12-D34E21259C99}"
EndProject
Project("{2150E333-8FDC-42A3-9474-1A3956D46DE8}") = "3-Server", "3-Server", "{AD45934C-3B39-4529-BF5A-31E8E6F11840}"
EndProject
Project("{FAE04EC0-301F-11D3-BF4B-00C04F79EFBC}") = "Library", "Library\Library.csproj", "{A1EC3D3E-8E30-42C6-915B-16FA5FFBC77C}"
EndProject
Project("{FAE04EC0-301F-11D3-BF4B-00C04F79EFBC}") = "BLL", "BLL\BLL.csproj", "{6D6FD69A-C3DF-4847-A10F-B1A66EA65EE1}"
EndProject
Project("{FAE04EC0-301F-11D3-BF4B-00C04F79EFBC}") = "DAL", "DAL\DAL.csproj", "{E4B17294-5A39-4368-A557-F5BE8DDA17EF}"
EndProject
Project("{2150E333-8FDC-42A3-9474-1A3956D46DE8}") = "ClickOnce", "ClickOnce", "{D640AB4D-87E9-4D5B-A79F-76FD973A9C40}"
EndProject
Project("{2150E333-8FDC-42A3-9474-1A3956D46DE8}") = "IncrementalUpgrade", "IncrementalUpgrade", "{B6FD366D-A853-44C8-AEDA-2254E467D2DD}"
EndProject
Project("{2150E333-8FDC-42A3-9474-1A3956D46DE8}") = "Other", "Other", "{BDEBE5B2-9B7C-4EEB-A19D-F6D30C3059F7}"
EndProject
Project("{FAE04EC0-301F-11D3-BF4B-00C04F79EFBC}") = "WinFormUpdate", "WinFormUpdate\WinFormUpdate.csproj", "{0E7224C0-B86C-4A2A-8944-060AA1FAF979}"
EndProject
Project("{FAE04EC0-301F-11D3-BF4B-00C04F79EFBC}") = "UpgradeClient", "UpgradeClient\UpgradeClient.csproj", "{796DA28E-43FC-41AD-B6BC-86952975DBCE}"
EndProject
Project("{FAE04EC0-301F-11D3-BF4B-00C04F79EFBC}") = "Win.Tools", "Win.Tools\Win.Tools.csproj", "{F852C56D-1F28-463B-B417-4F40B9CF1491}"
EndProject
Project("{FAE04EC0-301F-11D3-BF4B-00C04F79EFBC}") = "UpgradeSite", "UpgradeSite\UpgradeSite.csproj", "{D9599214-548B-475B-AD9A-21856C62FEAC}"
EndProject
Project("{2150E333-8FDC-42A3-9474-1A3956D46DE8}") = "Shortcuts", "Shortcuts", "{D75E5A7B-EDCC-4BA1-A6DA-5CB3E0A99FD7}"
EndProject
Project("{FAE04EC0-301F-11D3-BF4B-00C04F79EFBC}") = "FormsApp", "FormsApp\FormsApp.csproj", "{9DACA404-197B-48F6-95B2-D69196AB7AA6}"
EndProject
Global
	GlobalSection(SolutionConfigurationPlatforms) = preSolution
		Debug|Any CPU = Debug|Any CPU
		Release|Any CPU = Release|Any CPU
	EndGlobalSection
	GlobalSection(ProjectConfigurationPlatforms) = postSolution
		{A1EC3D3E-8E30-42C6-915B-16FA5FFBC77C}.Debug|Any CPU.ActiveCfg = Debug|Any CPU
		{A1EC3D3E-8E30-42C6-915B-16FA5FFBC77C}.Debug|Any CPU.Build.0 = Debug|Any CPU
		{A1EC3D3E-8E30-42C6-915B-16FA5FFBC77C}.Release|Any CPU.ActiveCfg = Release|Any CPU
		{A1EC3D3E-8E30-42C6-915B-16FA5FFBC77C}.Release|Any CPU.Build.0 = Release|Any CPU
		{6D6FD69A-C3DF-4847-A10F-B1A66EA65EE1}.Debug|Any CPU.ActiveCfg = Debug|Any CPU
		{6D6FD69A-C3DF-4847-A10F-B1A66EA65EE1}.Debug|Any CPU.Build.0 = Debug|Any CPU
		{6D6FD69A-C3DF-4847-A10F-B1A66EA65EE1}.Release|Any CPU.ActiveCfg = Release|Any CPU
		{6D6FD69A-C3DF-4847-A10F-B1A66EA65EE1}.Release|Any CPU.Build.0 = Release|Any CPU
		{E4B17294-5A39-4368-A557-F5BE8DDA17EF}.Debug|Any CPU.ActiveCfg = Debug|Any CPU
		{E4B17294-5A39-4368-A557-F5BE8DDA17EF}.Debug|Any CPU.Build.0 = Debug|Any CPU
		{E4B17294-5A39-4368-A557-F5BE8DDA17EF}.Release|Any CPU.ActiveCfg = Release|Any CPU
		{E4B17294-5A39-4368-A557-F5BE8DDA17EF}.Release|Any CPU.Build.0 = Release|Any CPU
		{0E7224C0-B86C-4A2A-8944-060AA1FAF979}.Debug|Any CPU.ActiveCfg = Debug|Any CPU
		{0E7224C0-B86C-4A2A-8944-060AA1FAF979}.Debug|Any CPU.Build.0 = Debug|Any CPU
		{0E7224C0-B86C-4A2A-8944-060AA1FAF979}.Release|Any CPU.ActiveCfg = Release|Any CPU
		{0E7224C0-B86C-4A2A-8944-060AA1FAF979}.Release|Any CPU.Build.0 = Release|Any CPU
		{796DA28E-43FC-41AD-B6BC-86952975DBCE}.Debug|Any CPU.ActiveCfg = Debug|Any CPU
		{796DA28E-43FC-41AD-B6BC-86952975DBCE}.Debug|Any CPU.Build.0 = Debug|Any CPU
		{796DA28E-43FC-41AD-B6BC-86952975DBCE}.Release|Any CPU.ActiveCfg = Release|Any CPU
		{796DA28E-43FC-41AD-B6BC-86952975DBCE}.Release|Any CPU.Build.0 = Release|Any CPU
		{F852C56D-1F28-463B-B417-4F40B9CF1491}.Debug|Any CPU.ActiveCfg = Debug|Any CPU
		{F852C56D-1F28-463B-B417-4F40B9CF1491}.Debug|Any CPU.Build.0 = Debug|Any CPU
		{F852C56D-1F28-463B-B417-4F40B9CF1491}.Release|Any CPU.ActiveCfg = Release|Any CPU
		{F852C56D-1F28-463B-B417-4F40B9CF1491}.Release|Any CPU.Build.0 = Release|Any CPU
		{D9599214-548B-475B-AD9A-21856C62FEAC}.Debug|Any CPU.ActiveCfg = Debug|Any CPU
		{D9599214-548B-475B-AD9A-21856C62FEAC}.Debug|Any CPU.Build.0 = Debug|Any CPU
		{D9599214-548B-475B-AD9A-21856C62FEAC}.Release|Any CPU.ActiveCfg = Release|Any CPU
		{D9599214-548B-475B-AD9A-21856C62FEAC}.Release|Any CPU.Build.0 = Release|Any CPU
		{9DACA404-197B-48F6-95B2-D69196AB7AA6}.Debug|Any CPU.ActiveCfg = Debug|Any CPU
		{9DACA404-197B-48F6-95B2-D69196AB7AA6}.Debug|Any CPU.Build.0 = Debug|Any CPU
		{9DACA404-197B-48F6-95B2-D69196AB7AA6}.Release|Any CPU.ActiveCfg = Release|Any CPU
		{9DACA404-197B-48F6-95B2-D69196AB7AA6}.Release|Any CPU.Build.0 = Release|Any CPU
	EndGlobalSection
	GlobalSection(SolutionProperties) = preSolution
		HideSolutionNode = FALSE
	EndGlobalSection
	GlobalSection(NestedProjects) = preSolution
		{A1EC3D3E-8E30-42C6-915B-16FA5FFBC77C} = {2C4F6EA5-DFBF-478F-8BFD-E03DC5DB7035}
		{6D6FD69A-C3DF-4847-A10F-B1A66EA65EE1} = {1CFA34A8-058B-403A-B39B-3EAFA84C25BF}
		{E4B17294-5A39-4368-A557-F5BE8DDA17EF} = {1CFA34A8-058B-403A-B39B-3EAFA84C25BF}
		{D640AB4D-87E9-4D5B-A79F-76FD973A9C40} = {A15A9C9A-69D4-421E-8C12-D34E21259C99}
		{B6FD366D-A853-44C8-AEDA-2254E467D2DD} = {A15A9C9A-69D4-421E-8C12-D34E21259C99}
		{BDEBE5B2-9B7C-4EEB-A19D-F6D30C3059F7} = {A15A9C9A-69D4-421E-8C12-D34E21259C99}
		{0E7224C0-B86C-4A2A-8944-060AA1FAF979} = {D640AB4D-87E9-4D5B-A79F-76FD973A9C40}
		{796DA28E-43FC-41AD-B6BC-86952975DBCE} = {B6FD366D-A853-44C8-AEDA-2254E467D2DD}
		{F852C56D-1F28-463B-B417-4F40B9CF1491} = {BDEBE5B2-9B7C-4EEB-A19D-F6D30C3059F7}
		{D9599214-548B-475B-AD9A-21856C62FEAC} = {AD45934C-3B39-4529-BF5A-31E8E6F11840}
		{D75E5A7B-EDCC-4BA1-A6DA-5CB3E0A99FD7} = {A15A9C9A-69D4-421E-8C12-D34E21259C99}
		{9DACA404-197B-48F6-95B2-D69196AB7AA6} = {D75E5A7B-EDCC-4BA1-A6DA-5CB3E0A99FD7}
	EndGlobalSection
EndGlobal
